// !$*UTF8*$!
{
	archiveVersion = 1;
	classes = {
	};
	objectVersion = 56;
	objects = {

/* Begin PBXBuildFile section */
		C524A4A829A83654006FDB95 /* NoteNumView.swift in Sources */ = {isa = PBXBuildFile; fileRef = C524A4A729A83654006FDB95 /* NoteNumView.swift */; };
		C524A4AA29A8F689006FDB95 /* FingeringPicker.swift in Sources */ = {isa = PBXBuildFile; fileRef = C524A4A929A8F689006FDB95 /* FingeringPicker.swift */; };
		C5285135299EB27200DA5DA5 /* WelcomeView.swift in Sources */ = {isa = PBXBuildFile; fileRef = C5285134299EB27200DA5DA5 /* WelcomeView.swift */; };
		C5285138299FB76D00DA5DA5 /* GameView.swift in Sources */ = {isa = PBXBuildFile; fileRef = C5285137299FB76D00DA5DA5 /* GameView.swift */; };
		C528513A299FCB2400DA5DA5 /* GameController.swift in Sources */ = {isa = PBXBuildFile; fileRef = C5285139299FCB2400DA5DA5 /* GameController.swift */; };
		C528513C299FCB2E00DA5DA5 /* Answer.swift in Sources */ = {isa = PBXBuildFile; fileRef = C528513B299FCB2E00DA5DA5 /* Answer.swift */; };
		C528514129A0FACF00DA5DA5 /* AnswerButton.swift in Sources */ = {isa = PBXBuildFile; fileRef = C528514029A0FACF00DA5DA5 /* AnswerButton.swift */; };
		C528514529A2C7DB00DA5DA5 /* ArrowView.swift in Sources */ = {isa = PBXBuildFile; fileRef = C528514429A2C7DB00DA5DA5 /* ArrowView.swift */; };
		C528514729A7D8C700DA5DA5 /* NoteSelectorView.swift in Sources */ = {isa = PBXBuildFile; fileRef = C528514629A7D8C700DA5DA5 /* NoteSelectorView.swift */; };
		C52EF6CF29A8FD2400D708A5 /* NoteMenuView.swift in Sources */ = {isa = PBXBuildFile; fileRef = C52EF6CE29A8FD2400D708A5 /* NoteMenuView.swift */; };
		C548358E299133A000B52FE3 /* JobListView.swift in Sources */ = {isa = PBXBuildFile; fileRef = C548358D299133A000B52FE3 /* JobListView.swift */; };
		C548359129924D8500B52FE3 /* Job.swift in Sources */ = {isa = PBXBuildFile; fileRef = C548359029924D8500B52FE3 /* Job.swift */; };
		C54835932992998D00B52FE3 /* Fingering.swift in Sources */ = {isa = PBXBuildFile; fileRef = C54835922992998C00B52FE3 /* Fingering.swift */; };
		C54835952992A1C900B52FE3 /* NoteStore.swift in Sources */ = {isa = PBXBuildFile; fileRef = C54835942992A1C900B52FE3 /* NoteStore.swift */; };
		C54835972992A21400B52FE3 /* Clef.swift in Sources */ = {isa = PBXBuildFile; fileRef = C54835962992A21400B52FE3 /* Clef.swift */; };
		C54835992992F72D00B52FE3 /* Accidental.swift in Sources */ = {isa = PBXBuildFile; fileRef = C54835982992F72D00B52FE3 /* Accidental.swift */; };
		C548359B2992FAD000B52FE3 /* NoteFormationData.swift in Sources */ = {isa = PBXBuildFile; fileRef = C548359A2992FAD000B52FE3 /* NoteFormationData.swift */; };
		C548359D2993042800B52FE3 /* Note.swift in Sources */ = {isa = PBXBuildFile; fileRef = C548359C2993042800B52FE3 /* Note.swift */; };
		C548359F2993C65B00B52FE3 /* Instrument.swift in Sources */ = {isa = PBXBuildFile; fileRef = C548359E2993C65B00B52FE3 /* Instrument.swift */; };
		C54835A12993C7AD00B52FE3 /* FingeringOptions.swift in Sources */ = {isa = PBXBuildFile; fileRef = C54835A02993C7AD00B52FE3 /* FingeringOptions.swift */; };
		C54835A32993DBE500B52FE3 /* NoteByNum.swift in Sources */ = {isa = PBXBuildFile; fileRef = C54835A22993DBE500B52FE3 /* NoteByNum.swift */; };
		C54835A52994137E00B52FE3 /* DataController.swift in Sources */ = {isa = PBXBuildFile; fileRef = C54835A42994137E00B52FE3 /* DataController.swift */; };
		C54835A72995AE7E00B52FE3 /* ErrorWrapper.swift in Sources */ = {isa = PBXBuildFile; fileRef = C54835A62995AE7E00B52FE3 /* ErrorWrapper.swift */; };
		C54835A92995AEBB00B52FE3 /* ErrorView.swift in Sources */ = {isa = PBXBuildFile; fileRef = C54835A82995AEBB00B52FE3 /* ErrorView.swift */; };
		C54835B52997D5F000B52FE3 /* NoteDisplayScene.swift in Sources */ = {isa = PBXBuildFile; fileRef = C54835B42997D5F000B52FE3 /* NoteDisplayScene.swift */; };
		C54835B92998416F00B52FE3 /* SpriteData.swift in Sources */ = {isa = PBXBuildFile; fileRef = C54835B82998416F00B52FE3 /* SpriteData.swift */; };
		C54835BB2998D7FD00B52FE3 /* NoteDisplayView.swift in Sources */ = {isa = PBXBuildFile; fileRef = C54835BA2998D7FD00B52FE3 /* NoteDisplayView.swift */; };
		C54835BD29994E2600B52FE3 /* HomeScreenView.swift in Sources */ = {isa = PBXBuildFile; fileRef = C54835BC29994E2600B52FE3 /* HomeScreenView.swift */; };
		C54835C3299ACBA300B52FE3 /* AudioKit in Frameworks */ = {isa = PBXBuildFile; productRef = C54835C2299ACBA300B52FE3 /* AudioKit */; };
		C54835C5299ACDDA00B52FE3 /* AudioController.swift in Sources */ = {isa = PBXBuildFile; fileRef = C54835C4299ACDDA00B52FE3 /* AudioController.swift */; };
		C54835C7299ACE7900B52FE3 /* PlayedNoteData.swift in Sources */ = {isa = PBXBuildFile; fileRef = C54835C6299ACE7900B52FE3 /* PlayedNoteData.swift */; };
		C54835CA299ACFF400B52FE3 /* AudioKitEX in Frameworks */ = {isa = PBXBuildFile; productRef = C54835C9299ACFF400B52FE3 /* AudioKitEX */; };
		C54835CD299AD03600B52FE3 /* SoundpipeAudioKit in Frameworks */ = {isa = PBXBuildFile; productRef = C54835CC299AD03600B52FE3 /* SoundpipeAudioKit */; };
		C569A32E299130A700E99884 /* FarkasJrApp.swift in Sources */ = {isa = PBXBuildFile; fileRef = C569A32D299130A700E99884 /* FarkasJrApp.swift */; };
		C569A332299130A900E99884 /* Assets.xcassets in Resources */ = {isa = PBXBuildFile; fileRef = C569A331299130A900E99884 /* Assets.xcassets */; };
		C569A335299130A900E99884 /* Preview Assets.xcassets in Resources */ = {isa = PBXBuildFile; fileRef = C569A334299130A900E99884 /* Preview Assets.xcassets */; };
		C5F4DEF6299D1D340099D2FB /* GameData.swift in Sources */ = {isa = PBXBuildFile; fileRef = C5F4DEF5299D1D340099D2FB /* GameData.swift */; };
/* End PBXBuildFile section */

/* Begin PBXFileReference section */
		C524A4A729A83654006FDB95 /* NoteNumView.swift */ = {isa = PBXFileReference; lastKnownFileType = sourcecode.swift; path = NoteNumView.swift; sourceTree = "<group>"; };
		C524A4A929A8F689006FDB95 /* FingeringPicker.swift */ = {isa = PBXFileReference; lastKnownFileType = sourcecode.swift; path = FingeringPicker.swift; sourceTree = "<group>"; };
		C5285134299EB27200DA5DA5 /* WelcomeView.swift */ = {isa = PBXFileReference; lastKnownFileType = sourcecode.swift; path = WelcomeView.swift; sourceTree = "<group>"; };
		C5285137299FB76D00DA5DA5 /* GameView.swift */ = {isa = PBXFileReference; lastKnownFileType = sourcecode.swift; path = GameView.swift; sourceTree = "<group>"; };
		C5285139299FCB2400DA5DA5 /* GameController.swift */ = {isa = PBXFileReference; lastKnownFileType = sourcecode.swift; path = GameController.swift; sourceTree = "<group>"; };
		C528513B299FCB2E00DA5DA5 /* Answer.swift */ = {isa = PBXFileReference; lastKnownFileType = sourcecode.swift; path = Answer.swift; sourceTree = "<group>"; };
		C528514029A0FACF00DA5DA5 /* AnswerButton.swift */ = {isa = PBXFileReference; lastKnownFileType = sourcecode.swift; path = AnswerButton.swift; sourceTree = "<group>"; };
		C528514429A2C7DB00DA5DA5 /* ArrowView.swift */ = {isa = PBXFileReference; lastKnownFileType = sourcecode.swift; path = ArrowView.swift; sourceTree = "<group>"; };
		C528514629A7D8C700DA5DA5 /* NoteSelectorView.swift */ = {isa = PBXFileReference; lastKnownFileType = sourcecode.swift; path = NoteSelectorView.swift; sourceTree = "<group>"; };
		C52EF6CE29A8FD2400D708A5 /* NoteMenuView.swift */ = {isa = PBXFileReference; lastKnownFileType = sourcecode.swift; path = NoteMenuView.swift; sourceTree = "<group>"; };
		C548358D299133A000B52FE3 /* JobListView.swift */ = {isa = PBXFileReference; lastKnownFileType = sourcecode.swift; path = JobListView.swift; sourceTree = "<group>"; };
		C548359029924D8500B52FE3 /* Job.swift */ = {isa = PBXFileReference; lastKnownFileType = sourcecode.swift; path = Job.swift; sourceTree = "<group>"; };
		C54835922992998C00B52FE3 /* Fingering.swift */ = {isa = PBXFileReference; lastKnownFileType = sourcecode.swift; path = Fingering.swift; sourceTree = "<group>"; };
		C54835942992A1C900B52FE3 /* NoteStore.swift */ = {isa = PBXFileReference; lastKnownFileType = sourcecode.swift; path = NoteStore.swift; sourceTree = "<group>"; };
		C54835962992A21400B52FE3 /* Clef.swift */ = {isa = PBXFileReference; lastKnownFileType = sourcecode.swift; path = Clef.swift; sourceTree = "<group>"; };
		C54835982992F72D00B52FE3 /* Accidental.swift */ = {isa = PBXFileReference; lastKnownFileType = sourcecode.swift; path = Accidental.swift; sourceTree = "<group>"; };
		C548359A2992FAD000B52FE3 /* NoteFormationData.swift */ = {isa = PBXFileReference; lastKnownFileType = sourcecode.swift; path = NoteFormationData.swift; sourceTree = "<group>"; };
		C548359C2993042800B52FE3 /* Note.swift */ = {isa = PBXFileReference; lastKnownFileType = sourcecode.swift; path = Note.swift; sourceTree = "<group>"; };
		C548359E2993C65B00B52FE3 /* Instrument.swift */ = {isa = PBXFileReference; lastKnownFileType = sourcecode.swift; path = Instrument.swift; sourceTree = "<group>"; };
		C54835A02993C7AD00B52FE3 /* FingeringOptions.swift */ = {isa = PBXFileReference; lastKnownFileType = sourcecode.swift; path = FingeringOptions.swift; sourceTree = "<group>"; };
		C54835A22993DBE500B52FE3 /* NoteByNum.swift */ = {isa = PBXFileReference; lastKnownFileType = sourcecode.swift; path = NoteByNum.swift; sourceTree = "<group>"; };
		C54835A42994137E00B52FE3 /* DataController.swift */ = {isa = PBXFileReference; lastKnownFileType = sourcecode.swift; path = DataController.swift; sourceTree = "<group>"; };
		C54835A62995AE7E00B52FE3 /* ErrorWrapper.swift */ = {isa = PBXFileReference; lastKnownFileType = sourcecode.swift; path = ErrorWrapper.swift; sourceTree = "<group>"; };
		C54835A82995AEBB00B52FE3 /* ErrorView.swift */ = {isa = PBXFileReference; lastKnownFileType = sourcecode.swift; path = ErrorView.swift; sourceTree = "<group>"; };
		C54835B42997D5F000B52FE3 /* NoteDisplayScene.swift */ = {isa = PBXFileReference; lastKnownFileType = sourcecode.swift; path = NoteDisplayScene.swift; sourceTree = "<group>"; };
		C54835B82998416F00B52FE3 /* SpriteData.swift */ = {isa = PBXFileReference; lastKnownFileType = sourcecode.swift; path = SpriteData.swift; sourceTree = "<group>"; };
		C54835BA2998D7FD00B52FE3 /* NoteDisplayView.swift */ = {isa = PBXFileReference; lastKnownFileType = sourcecode.swift; path = NoteDisplayView.swift; sourceTree = "<group>"; };
		C54835BC29994E2600B52FE3 /* HomeScreenView.swift */ = {isa = PBXFileReference; lastKnownFileType = sourcecode.swift; path = HomeScreenView.swift; sourceTree = "<group>"; };
		C54835C4299ACDDA00B52FE3 /* AudioController.swift */ = {isa = PBXFileReference; lastKnownFileType = sourcecode.swift; path = AudioController.swift; sourceTree = "<group>"; };
		C54835C6299ACE7900B52FE3 /* PlayedNoteData.swift */ = {isa = PBXFileReference; lastKnownFileType = sourcecode.swift; path = PlayedNoteData.swift; sourceTree = "<group>"; };
		C569A32A299130A700E99884 /* FarkasJr.app */ = {isa = PBXFileReference; explicitFileType = wrapper.application; includeInIndex = 0; path = FarkasJr.app; sourceTree = BUILT_PRODUCTS_DIR; };
		C569A32D299130A700E99884 /* FarkasJrApp.swift */ = {isa = PBXFileReference; lastKnownFileType = sourcecode.swift; path = FarkasJrApp.swift; sourceTree = "<group>"; };
		C569A331299130A900E99884 /* Assets.xcassets */ = {isa = PBXFileReference; lastKnownFileType = folder.assetcatalog; path = Assets.xcassets; sourceTree = "<group>"; };
		C569A334299130A900E99884 /* Preview Assets.xcassets */ = {isa = PBXFileReference; lastKnownFileType = folder.assetcatalog; path = "Preview Assets.xcassets"; sourceTree = "<group>"; };
		C5F4DEF5299D1D340099D2FB /* GameData.swift */ = {isa = PBXFileReference; lastKnownFileType = sourcecode.swift; path = GameData.swift; sourceTree = "<group>"; };
/* End PBXFileReference section */

/* Begin PBXFrameworksBuildPhase section */
		C569A327299130A700E99884 /* Frameworks */ = {
			isa = PBXFrameworksBuildPhase;
			buildActionMask = 2147483647;
			files = (
				C54835C3299ACBA300B52FE3 /* AudioKit in Frameworks */,
				C54835CA299ACFF400B52FE3 /* AudioKitEX in Frameworks */,
				C54835CD299AD03600B52FE3 /* SoundpipeAudioKit in Frameworks */,
			);
			runOnlyForDeploymentPostprocessing = 0;
		};
/* End PBXFrameworksBuildPhase section */

/* Begin PBXGroup section */
		C5285136299FB6C500DA5DA5 /* Views */ = {
			isa = PBXGroup;
			children = (
				C54835A82995AEBB00B52FE3 /* ErrorView.swift */,
				C54835BC29994E2600B52FE3 /* HomeScreenView.swift */,
				C54835BA2998D7FD00B52FE3 /* NoteDisplayView.swift */,
				C548358D299133A000B52FE3 /* JobListView.swift */,
				C5285134299EB27200DA5DA5 /* WelcomeView.swift */,
				C5285137299FB76D00DA5DA5 /* GameView.swift */,
				C528514029A0FACF00DA5DA5 /* AnswerButton.swift */,
				C528514429A2C7DB00DA5DA5 /* ArrowView.swift */,
				C528514629A7D8C700DA5DA5 /* NoteSelectorView.swift */,
				C524A4A729A83654006FDB95 /* NoteNumView.swift */,
				C524A4A929A8F689006FDB95 /* FingeringPicker.swift */,
				C52EF6CE29A8FD2400D708A5 /* NoteMenuView.swift */,
			);
			path = Views;
			sourceTree = "<group>";
		};
		C528513D29A025A400DA5DA5 /* Controllers */ = {
			isa = PBXGroup;
			children = (
				C54835C4299ACDDA00B52FE3 /* AudioController.swift */,
				C54835A42994137E00B52FE3 /* DataController.swift */,
				C5285139299FCB2400DA5DA5 /* GameController.swift */,
			);
			path = Controllers;
			sourceTree = "<group>";
		};
		C548358F29924D7300B52FE3 /* Models */ = {
			isa = PBXGroup;
			children = (
				C548359029924D8500B52FE3 /* Job.swift */,
				C54835922992998C00B52FE3 /* Fingering.swift */,
				C54835942992A1C900B52FE3 /* NoteStore.swift */,
				C54835962992A21400B52FE3 /* Clef.swift */,
				C54835982992F72D00B52FE3 /* Accidental.swift */,
				C548359A2992FAD000B52FE3 /* NoteFormationData.swift */,
				C548359C2993042800B52FE3 /* Note.swift */,
				C548359E2993C65B00B52FE3 /* Instrument.swift */,
				C54835A02993C7AD00B52FE3 /* FingeringOptions.swift */,
				C54835A22993DBE500B52FE3 /* NoteByNum.swift */,
				C54835A62995AE7E00B52FE3 /* ErrorWrapper.swift */,
				C54835B82998416F00B52FE3 /* SpriteData.swift */,
				C54835C6299ACE7900B52FE3 /* PlayedNoteData.swift */,
				C5F4DEF5299D1D340099D2FB /* GameData.swift */,
				C528513B299FCB2E00DA5DA5 /* Answer.swift */,
			);
			path = Models;
			sourceTree = "<group>";
		};
		C54835AA2997CB7100B52FE3 /* Scenes */ = {
			isa = PBXGroup;
			children = (
				C54835B42997D5F000B52FE3 /* NoteDisplayScene.swift */,
			);
			path = Scenes;
			sourceTree = "<group>";
		};
		C569A321299130A700E99884 = {
			isa = PBXGroup;
			children = (
				C569A32C299130A700E99884 /* FarkasJr */,
				C569A32B299130A700E99884 /* Products */,
			);
			sourceTree = "<group>";
		};
		C569A32B299130A700E99884 /* Products */ = {
			isa = PBXGroup;
			children = (
				C569A32A299130A700E99884 /* FarkasJr.app */,
			);
			name = Products;
			sourceTree = "<group>";
		};
		C569A32C299130A700E99884 /* FarkasJr */ = {
			isa = PBXGroup;
			children = (
				C528513D29A025A400DA5DA5 /* Controllers */,
				C5285136299FB6C500DA5DA5 /* Views */,
				C54835AA2997CB7100B52FE3 /* Scenes */,
				C548358F29924D7300B52FE3 /* Models */,
				C569A32D299130A700E99884 /* FarkasJrApp.swift */,
				C569A331299130A900E99884 /* Assets.xcassets */,
				C569A333299130A900E99884 /* Preview Content */,
			);
			path = FarkasJr;
			sourceTree = "<group>";
		};
		C569A333299130A900E99884 /* Preview Content */ = {
			isa = PBXGroup;
			children = (
				C569A334299130A900E99884 /* Preview Assets.xcassets */,
			);
			path = "Preview Content";
			sourceTree = "<group>";
		};
/* End PBXGroup section */

/* Begin PBXNativeTarget section */
		C569A329299130A700E99884 /* FarkasJr */ = {
			isa = PBXNativeTarget;
			buildConfigurationList = C569A338299130A900E99884 /* Build configuration list for PBXNativeTarget "FarkasJr" */;
			buildPhases = (
				C569A326299130A700E99884 /* Sources */,
				C569A327299130A700E99884 /* Frameworks */,
				C569A328299130A700E99884 /* Resources */,
			);
			buildRules = (
			);
			dependencies = (
			);
			name = FarkasJr;
			packageProductDependencies = (
				C54835C2299ACBA300B52FE3 /* AudioKit */,
				C54835C9299ACFF400B52FE3 /* AudioKitEX */,
				C54835CC299AD03600B52FE3 /* SoundpipeAudioKit */,
			);
			productName = FarkasJr;
			productReference = C569A32A299130A700E99884 /* FarkasJr.app */;
			productType = "com.apple.product-type.application";
		};
/* End PBXNativeTarget section */

/* Begin PBXProject section */
		C569A322299130A700E99884 /* Project object */ = {
			isa = PBXProject;
			attributes = {
				BuildIndependentTargetsInParallel = 1;
				LastSwiftUpdateCheck = 1420;
				LastUpgradeCheck = 1420;
				TargetAttributes = {
					C569A329299130A700E99884 = {
						CreatedOnToolsVersion = 14.2;
					};
				};
			};
			buildConfigurationList = C569A325299130A700E99884 /* Build configuration list for PBXProject "FarkasJr" */;
			compatibilityVersion = "Xcode 14.0";
			developmentRegion = en;
			hasScannedForEncodings = 0;
			knownRegions = (
				en,
				Base,
			);
			mainGroup = C569A321299130A700E99884;
			packageReferences = (
				C54835C1299ACBA300B52FE3 /* XCRemoteSwiftPackageReference "AudioKit" */,
				C54835C8299ACFF400B52FE3 /* XCRemoteSwiftPackageReference "AudioKitEX" */,
				C54835CB299AD03600B52FE3 /* XCRemoteSwiftPackageReference "SoundpipeAudioKit" */,
			);
			productRefGroup = C569A32B299130A700E99884 /* Products */;
			projectDirPath = "";
			projectRoot = "";
			targets = (
				C569A329299130A700E99884 /* FarkasJr */,
			);
		};
/* End PBXProject section */

/* Begin PBXResourcesBuildPhase section */
		C569A328299130A700E99884 /* Resources */ = {
			isa = PBXResourcesBuildPhase;
			buildActionMask = 2147483647;
			files = (
				C569A335299130A900E99884 /* Preview Assets.xcassets in Resources */,
				C569A332299130A900E99884 /* Assets.xcassets in Resources */,
			);
			runOnlyForDeploymentPostprocessing = 0;
		};
/* End PBXResourcesBuildPhase section */

/* Begin PBXSourcesBuildPhase section */
		C569A326299130A700E99884 /* Sources */ = {
			isa = PBXSourcesBuildPhase;
			buildActionMask = 2147483647;
			files = (
				C54835C5299ACDDA00B52FE3 /* AudioController.swift in Sources */,
				C54835A32993DBE500B52FE3 /* NoteByNum.swift in Sources */,
				C528513C299FCB2E00DA5DA5 /* Answer.swift in Sources */,
				C569A32E299130A700E99884 /* FarkasJrApp.swift in Sources */,
				C528513A299FCB2400DA5DA5 /* GameController.swift in Sources */,
				C54835B92998416F00B52FE3 /* SpriteData.swift in Sources */,
				C528514529A2C7DB00DA5DA5 /* ArrowView.swift in Sources */,
				C528514129A0FACF00DA5DA5 /* AnswerButton.swift in Sources */,
				C54835A72995AE7E00B52FE3 /* ErrorWrapper.swift in Sources */,
				C54835C7299ACE7900B52FE3 /* PlayedNoteData.swift in Sources */,
				C54835972992A21400B52FE3 /* Clef.swift in Sources */,
				C548359B2992FAD000B52FE3 /* NoteFormationData.swift in Sources */,
				C54835992992F72D00B52FE3 /* Accidental.swift in Sources */,
				C524A4A829A83654006FDB95 /* NoteNumView.swift in Sources */,
				C548359D2993042800B52FE3 /* Note.swift in Sources */,
				C524A4AA29A8F689006FDB95 /* FingeringPicker.swift in Sources */,
				C54835A52994137E00B52FE3 /* DataController.swift in Sources */,
				C528514729A7D8C700DA5DA5 /* NoteSelectorView.swift in Sources */,
				C548358E299133A000B52FE3 /* JobListView.swift in Sources */,
				C52EF6CF29A8FD2400D708A5 /* NoteMenuView.swift in Sources */,
				C5F4DEF6299D1D340099D2FB /* GameData.swift in Sources */,
				C54835952992A1C900B52FE3 /* NoteStore.swift in Sources */,
				C54835BD29994E2600B52FE3 /* HomeScreenView.swift in Sources */,
				C54835B52997D5F000B52FE3 /* NoteDisplayScene.swift in Sources */,
				C548359F2993C65B00B52FE3 /* Instrument.swift in Sources */,
				C54835932992998D00B52FE3 /* Fingering.swift in Sources */,
				C5285135299EB27200DA5DA5 /* WelcomeView.swift in Sources */,
				C54835A12993C7AD00B52FE3 /* FingeringOptions.swift in Sources */,
				C548359129924D8500B52FE3 /* Job.swift in Sources */,
				C54835A92995AEBB00B52FE3 /* ErrorView.swift in Sources */,
				C5285138299FB76D00DA5DA5 /* GameView.swift in Sources */,
				C54835BB2998D7FD00B52FE3 /* NoteDisplayView.swift in Sources */,
			);
			runOnlyForDeploymentPostprocessing = 0;
		};
/* End PBXSourcesBuildPhase section */

/* Begin XCBuildConfiguration section */
		C569A336299130A900E99884 /* Debug */ = {
			isa = XCBuildConfiguration;
			buildSettings = {
				ALWAYS_SEARCH_USER_PATHS = NO;
				CLANG_ANALYZER_NONNULL = YES;
				CLANG_ANALYZER_NUMBER_OBJECT_CONVERSION = YES_AGGRESSIVE;
				CLANG_CXX_LANGUAGE_STANDARD = "gnu++20";
				CLANG_ENABLE_MODULES = YES;
				CLANG_ENABLE_OBJC_ARC = YES;
				CLANG_ENABLE_OBJC_WEAK = YES;
				CLANG_WARN_BLOCK_CAPTURE_AUTORELEASING = YES;
				CLANG_WARN_BOOL_CONVERSION = YES;
				CLANG_WARN_COMMA = YES;
				CLANG_WARN_CONSTANT_CONVERSION = YES;
				CLANG_WARN_DEPRECATED_OBJC_IMPLEMENTATIONS = YES;
				CLANG_WARN_DIRECT_OBJC_ISA_USAGE = YES_ERROR;
				CLANG_WARN_DOCUMENTATION_COMMENTS = YES;
				CLANG_WARN_EMPTY_BODY = YES;
				CLANG_WARN_ENUM_CONVERSION = YES;
				CLANG_WARN_INFINITE_RECURSION = YES;
				CLANG_WARN_INT_CONVERSION = YES;
				CLANG_WARN_NON_LITERAL_NULL_CONVERSION = YES;
				CLANG_WARN_OBJC_IMPLICIT_RETAIN_SELF = YES;
				CLANG_WARN_OBJC_LITERAL_CONVERSION = YES;
				CLANG_WARN_OBJC_ROOT_CLASS = YES_ERROR;
				CLANG_WARN_QUOTED_INCLUDE_IN_FRAMEWORK_HEADER = YES;
				CLANG_WARN_RANGE_LOOP_ANALYSIS = YES;
				CLANG_WARN_STRICT_PROTOTYPES = YES;
				CLANG_WARN_SUSPICIOUS_MOVE = YES;
				CLANG_WARN_UNGUARDED_AVAILABILITY = YES_AGGRESSIVE;
				CLANG_WARN_UNREACHABLE_CODE = YES;
				CLANG_WARN__DUPLICATE_METHOD_MATCH = YES;
				COPY_PHASE_STRIP = NO;
				DEBUG_INFORMATION_FORMAT = dwarf;
				ENABLE_STRICT_OBJC_MSGSEND = YES;
				ENABLE_TESTABILITY = YES;
				GCC_C_LANGUAGE_STANDARD = gnu11;
				GCC_DYNAMIC_NO_PIC = NO;
				GCC_NO_COMMON_BLOCKS = YES;
				GCC_OPTIMIZATION_LEVEL = 0;
				GCC_PREPROCESSOR_DEFINITIONS = (
					"DEBUG=1",
					"$(inherited)",
				);
				GCC_WARN_64_TO_32_BIT_CONVERSION = YES;
				GCC_WARN_ABOUT_RETURN_TYPE = YES_ERROR;
				GCC_WARN_UNDECLARED_SELECTOR = YES;
				GCC_WARN_UNINITIALIZED_AUTOS = YES_AGGRESSIVE;
				GCC_WARN_UNUSED_FUNCTION = YES;
				GCC_WARN_UNUSED_VARIABLE = YES;
				IPHONEOS_DEPLOYMENT_TARGET = 16.2;
				MTL_ENABLE_DEBUG_INFO = INCLUDE_SOURCE;
				MTL_FAST_MATH = YES;
				ONLY_ACTIVE_ARCH = YES;
				SDKROOT = iphoneos;
				SWIFT_ACTIVE_COMPILATION_CONDITIONS = DEBUG;
				SWIFT_OPTIMIZATION_LEVEL = "-Onone";
			};
			name = Debug;
		};
		C569A337299130A900E99884 /* Release */ = {
			isa = XCBuildConfiguration;
			buildSettings = {
				ALWAYS_SEARCH_USER_PATHS = NO;
				CLANG_ANALYZER_NONNULL = YES;
				CLANG_ANALYZER_NUMBER_OBJECT_CONVERSION = YES_AGGRESSIVE;
				CLANG_CXX_LANGUAGE_STANDARD = "gnu++20";
				CLANG_ENABLE_MODULES = YES;
				CLANG_ENABLE_OBJC_ARC = YES;
				CLANG_ENABLE_OBJC_WEAK = YES;
				CLANG_WARN_BLOCK_CAPTURE_AUTORELEASING = YES;
				CLANG_WARN_BOOL_CONVERSION = YES;
				CLANG_WARN_COMMA = YES;
				CLANG_WARN_CONSTANT_CONVERSION = YES;
				CLANG_WARN_DEPRECATED_OBJC_IMPLEMENTATIONS = YES;
				CLANG_WARN_DIRECT_OBJC_ISA_USAGE = YES_ERROR;
				CLANG_WARN_DOCUMENTATION_COMMENTS = YES;
				CLANG_WARN_EMPTY_BODY = YES;
				CLANG_WARN_ENUM_CONVERSION = YES;
				CLANG_WARN_INFINITE_RECURSION = YES;
				CLANG_WARN_INT_CONVERSION = YES;
				CLANG_WARN_NON_LITERAL_NULL_CONVERSION = YES;
				CLANG_WARN_OBJC_IMPLICIT_RETAIN_SELF = YES;
				CLANG_WARN_OBJC_LITERAL_CONVERSION = YES;
				CLANG_WARN_OBJC_ROOT_CLASS = YES_ERROR;
				CLANG_WARN_QUOTED_INCLUDE_IN_FRAMEWORK_HEADER = YES;
				CLANG_WARN_RANGE_LOOP_ANALYSIS = YES;
				CLANG_WARN_STRICT_PROTOTYPES = YES;
				CLANG_WARN_SUSPICIOUS_MOVE = YES;
				CLANG_WARN_UNGUARDED_AVAILABILITY = YES_AGGRESSIVE;
				CLANG_WARN_UNREACHABLE_CODE = YES;
				CLANG_WARN__DUPLICATE_METHOD_MATCH = YES;
				COPY_PHASE_STRIP = NO;
				DEBUG_INFORMATION_FORMAT = "dwarf-with-dsym";
				ENABLE_NS_ASSERTIONS = NO;
				ENABLE_STRICT_OBJC_MSGSEND = YES;
				GCC_C_LANGUAGE_STANDARD = gnu11;
				GCC_NO_COMMON_BLOCKS = YES;
				GCC_WARN_64_TO_32_BIT_CONVERSION = YES;
				GCC_WARN_ABOUT_RETURN_TYPE = YES_ERROR;
				GCC_WARN_UNDECLARED_SELECTOR = YES;
				GCC_WARN_UNINITIALIZED_AUTOS = YES_AGGRESSIVE;
				GCC_WARN_UNUSED_FUNCTION = YES;
				GCC_WARN_UNUSED_VARIABLE = YES;
				IPHONEOS_DEPLOYMENT_TARGET = 16.2;
				MTL_ENABLE_DEBUG_INFO = NO;
				MTL_FAST_MATH = YES;
				SDKROOT = iphoneos;
				SWIFT_COMPILATION_MODE = wholemodule;
				SWIFT_OPTIMIZATION_LEVEL = "-O";
				VALIDATE_PRODUCT = YES;
			};
			name = Release;
		};
		C569A339299130A900E99884 /* Debug */ = {
			isa = XCBuildConfiguration;
			buildSettings = {
				ASSETCATALOG_COMPILER_APPICON_NAME = AppIcon;
				ASSETCATALOG_COMPILER_GLOBAL_ACCENT_COLOR_NAME = AccentColor;
				CODE_SIGN_STYLE = Automatic;
				CURRENT_PROJECT_VERSION = 1;
				DEVELOPMENT_ASSET_PATHS = "\"FarkasJr/Preview Content\"";
				DEVELOPMENT_TEAM = V4DPA4RA3P;
				ENABLE_PREVIEWS = YES;
				GENERATE_INFOPLIST_FILE = YES;
				INFOPLIST_KEY_NSMicrophoneUsageDescription = "We use the microphone to analyse the your playing. Audio is always discarded after analysis.";
				INFOPLIST_KEY_UIApplicationSceneManifest_Generation = YES;
				INFOPLIST_KEY_UIApplicationSupportsIndirectInputEvents = YES;
				INFOPLIST_KEY_UILaunchScreen_Generation = YES;
				INFOPLIST_KEY_UIRequiresFullScreen = NO;
				INFOPLIST_KEY_UIStatusBarStyle = "";
				INFOPLIST_KEY_UISupportedInterfaceOrientations = UIInterfaceOrientationPortrait;
				INFOPLIST_KEY_UISupportedInterfaceOrientations_iPad = "UIInterfaceOrientationLandscapeLeft UIInterfaceOrientationLandscapeRight UIInterfaceOrientationPortrait UIInterfaceOrientationPortraitUpsideDown";
				INFOPLIST_KEY_UIUserInterfaceStyle = Light;
				IPHONEOS_DEPLOYMENT_TARGET = 15.0;
				LD_RUNPATH_SEARCH_PATHS = (
					"$(inherited)",
					"@executable_path/Frameworks",
				);
				MARKETING_VERSION = 0.1;
				PRODUCT_BUNDLE_IDENTIFIER = com.weststreetgamestudios.FarkasJr;
				PRODUCT_NAME = "$(TARGET_NAME)";
				SWIFT_EMIT_LOC_STRINGS = YES;
				SWIFT_VERSION = 5.0;
				TARGETED_DEVICE_FAMILY = "1,2";
			};
			name = Debug;
		};
		C569A33A299130A900E99884 /* Release */ = {
			isa = XCBuildConfiguration;
			buildSettings = {
				ASSETCATALOG_COMPILER_APPICON_NAME = AppIcon;
				ASSETCATALOG_COMPILER_GLOBAL_ACCENT_COLOR_NAME = AccentColor;
				CODE_SIGN_STYLE = Automatic;
				CURRENT_PROJECT_VERSION = 1;
				DEVELOPMENT_ASSET_PATHS = "\"FarkasJr/Preview Content\"";
				DEVELOPMENT_TEAM = V4DPA4RA3P;
				ENABLE_PREVIEWS = YES;
				GENERATE_INFOPLIST_FILE = YES;
				INFOPLIST_KEY_NSMicrophoneUsageDescription = "We use the microphone to analyse the your playing. Audio is always discarded after analysis.";
				INFOPLIST_KEY_UIApplicationSceneManifest_Generation = YES;
				INFOPLIST_KEY_UIApplicationSupportsIndirectInputEvents = YES;
				INFOPLIST_KEY_UILaunchScreen_Generation = YES;
				INFOPLIST_KEY_UIRequiresFullScreen = NO;
				INFOPLIST_KEY_UIStatusBarStyle = "";
				INFOPLIST_KEY_UISupportedInterfaceOrientations = UIInterfaceOrientationPortrait;
				INFOPLIST_KEY_UISupportedInterfaceOrientations_iPad = "UIInterfaceOrientationLandscapeLeft UIInterfaceOrientationLandscapeRight UIInterfaceOrientationPortrait UIInterfaceOrientationPortraitUpsideDown";
				INFOPLIST_KEY_UIUserInterfaceStyle = Light;
				IPHONEOS_DEPLOYMENT_TARGET = 15.0;
				LD_RUNPATH_SEARCH_PATHS = (
					"$(inherited)",
					"@executable_path/Frameworks",
				);
				MARKETING_VERSION = 0.1;
				PRODUCT_BUNDLE_IDENTIFIER = com.weststreetgamestudios.FarkasJr;
				PRODUCT_NAME = "$(TARGET_NAME)";
				SWIFT_EMIT_LOC_STRINGS = YES;
				SWIFT_VERSION = 5.0;
				TARGETED_DEVICE_FAMILY = "1,2";
			};
			name = Release;
		};
/* End XCBuildConfiguration section */

/* Begin XCConfigurationList section */
		C569A325299130A700E99884 /* Build configuration list for PBXProject "FarkasJr" */ = {
			isa = XCConfigurationList;
			buildConfigurations = (
				C569A336299130A900E99884 /* Debug */,
				C569A337299130A900E99884 /* Release */,
			);
			defaultConfigurationIsVisible = 0;
			defaultConfigurationName = Release;
		};
		C569A338299130A900E99884 /* Build configuration list for PBXNativeTarget "FarkasJr" */ = {
			isa = XCConfigurationList;
			buildConfigurations = (
				C569A339299130A900E99884 /* Debug */,
				C569A33A299130A900E99884 /* Release */,
			);
			defaultConfigurationIsVisible = 0;
			defaultConfigurationName = Release;
		};
/* End XCConfigurationList section */

/* Begin XCRemoteSwiftPackageReference section */
		C54835C1299ACBA300B52FE3 /* XCRemoteSwiftPackageReference "AudioKit" */ = {
			isa = XCRemoteSwiftPackageReference;
			repositoryURL = "https://github.com/AudioKit/AudioKit.git";
			requirement = {
				kind = upToNextMajorVersion;
				minimumVersion = 5.0.0;
			};
		};
		C54835C8299ACFF400B52FE3 /* XCRemoteSwiftPackageReference "AudioKitEX" */ = {
			isa = XCRemoteSwiftPackageReference;
			repositoryURL = "https://github.com/AudioKit/AudioKitEX.git";
			requirement = {
				kind = upToNextMajorVersion;
				minimumVersion = 5.0.0;
			};
		};
		C54835CB299AD03600B52FE3 /* XCRemoteSwiftPackageReference "SoundpipeAudioKit" */ = {
			isa = XCRemoteSwiftPackageReference;
			repositoryURL = "https://github.com/AudioKit/SoundpipeAudioKit.git";
			requirement = {
				kind = upToNextMajorVersion;
				minimumVersion = 5.0.0;
			};
		};
/* End XCRemoteSwiftPackageReference section */

/* Begin XCSwiftPackageProductDependency section */
		C54835C2299ACBA300B52FE3 /* AudioKit */ = {
			isa = XCSwiftPackageProductDependency;
			package = C54835C1299ACBA300B52FE3 /* XCRemoteSwiftPackageReference "AudioKit" */;
			productName = AudioKit;
		};
		C54835C9299ACFF400B52FE3 /* AudioKitEX */ = {
			isa = XCSwiftPackageProductDependency;
			package = C54835C8299ACFF400B52FE3 /* XCRemoteSwiftPackageReference "AudioKitEX" */;
			productName = AudioKitEX;
		};
		C54835CC299AD03600B52FE3 /* SoundpipeAudioKit */ = {
			isa = XCSwiftPackageProductDependency;
			package = C54835CB299AD03600B52FE3 /* XCRemoteSwiftPackageReference "SoundpipeAudioKit" */;
			productName = SoundpipeAudioKit;
		};
/* End XCSwiftPackageProductDependency section */
	};
	rootObject = C569A322299130A700E99884 /* Project object */;
}
